
Microsoft Visual Studio Solution File, Format Version 12.00
# Visual Studio 15
VisualStudioVersion = 15.0.28307.705
MinimumVisualStudioVersion = 10.0.40219.1
Project("{FAE04EC0-301F-11D3-BF4B-00C04F79EFBC}") = "P2PFileShare.Application", "P2PFileShare.Application\P2PFileShare.Application.csproj", "{E2A0DF21-F1E3-4371-A486-2AF0F4854911}"
EndProject
Project("{FAE04EC0-301F-11D3-BF4B-00C04F79EFBC}") = "P2PFileShare.Services", "P2PFileShare.Service\P2PFileShare.Services.csproj", "{86D8DD28-7391-4A08-AC4E-92ECDF4BB0F6}"
EndProject
Global
	GlobalSection(SolutionConfigurationPlatforms) = preSolution
		Debug|Any CPU = Debug|Any CPU
		Release|Any CPU = Release|Any CPU
	EndGlobalSection
	GlobalSection(ProjectConfigurationPlatforms) = postSolution
		{E2A0DF21-F1E3-4371-A486-2AF0F4854911}.Debug|Any CPU.ActiveCfg = Debug|Any CPU
		{E2A0DF21-F1E3-4371-A486-2AF0F4854911}.Debug|Any CPU.Build.0 = Debug|Any CPU
		{E2A0DF21-F1E3-4371-A486-2AF0F4854911}.Release|Any CPU.ActiveCfg = Release|Any CPU
		{E2A0DF21-F1E3-4371-A486-2AF0F4854911}.Release|Any CPU.Build.0 = Release|Any CPU
		{86D8DD28-7391-4A08-AC4E-92ECDF4BB0F6}.Debug|Any CPU.ActiveCfg = Debug|Any CPU
		{86D8DD28-7391-4A08-AC4E-92ECDF4BB0F6}.Debug|Any CPU.Build.0 = Debug|Any CPU
		{86D8DD28-7391-4A08-AC4E-92ECDF4BB0F6}.Release|Any CPU.ActiveCfg = Release|Any CPU
		{86D8DD28-7391-4A08-AC4E-92ECDF4BB0F6}.Release|Any CPU.Build.0 = Release|Any CPU
	EndGlobalSection
	GlobalSection(SolutionProperties) = preSolution
		HideSolutionNode = FALSE
	EndGlobalSection
	GlobalSection(ExtensibilityGlobals) = postSolution
		SolutionGuid = {2EE218A7-3D71-4C38-9A3F-58EE3CB84B49}
	EndGlobalSection
EndGlobal
